// !$*UTF8*$!
{
	archiveVersion = 1;
	classes = {
	};
	objectVersion = 48;
	objects = {

/* Begin PBXBuildFile section */
		782B0E4C206D5AF200488046 /* AppDelegate.swift in Sources */ = {isa = PBXBuildFile; fileRef = 782B0E4B206D5AF200488046 /* AppDelegate.swift */; };
		782B0E4E206D5AF200488046 /* ViewController.swift in Sources */ = {isa = PBXBuildFile; fileRef = 782B0E4D206D5AF200488046 /* ViewController.swift */; };
		782B0E51206D5AF200488046 /* Main.storyboard in Resources */ = {isa = PBXBuildFile; fileRef = 782B0E4F206D5AF200488046 /* Main.storyboard */; };
		782B0E53206D5AF200488046 /* Assets.xcassets in Resources */ = {isa = PBXBuildFile; fileRef = 782B0E52206D5AF200488046 /* Assets.xcassets */; };
		782B0E56206D5AF200488046 /* LaunchScreen.storyboard in Resources */ = {isa = PBXBuildFile; fileRef = 782B0E54206D5AF200488046 /* LaunchScreen.storyboard */; };
		782B0E5E206D5B8C00488046 /* Auth.swift in Sources */ = {isa = PBXBuildFile; fileRef = 782B0E5D206D5B8C00488046 /* Auth.swift */; };
		782B0E60206D5C7700488046 /* Constants.swift in Sources */ = {isa = PBXBuildFile; fileRef = 782B0E5F206D5C7700488046 /* Constants.swift */; };
		782B0E62206D6F7200488046 /* InstaLogInVC.swift in Sources */ = {isa = PBXBuildFile; fileRef = 782B0E61206D6F7200488046 /* InstaLogInVC.swift */; };
/* End PBXBuildFile section */

/* Begin PBXFileReference section */
		782B0E48206D5AF200488046 /* InstaSDK.app */ = {isa = PBXFileReference; explicitFileType = wrapper.application; includeInIndex = 0; path = InstaSDK.app; sourceTree = BUILT_PRODUCTS_DIR; };
		782B0E4B206D5AF200488046 /* AppDelegate.swift */ = {isa = PBXFileReference; lastKnownFileType = sourcecode.swift; path = AppDelegate.swift; sourceTree = "<group>"; };
		782B0E4D206D5AF200488046 /* ViewController.swift */ = {isa = PBXFileReference; lastKnownFileType = sourcecode.swift; path = ViewController.swift; sourceTree = "<group>"; };
		782B0E50206D5AF200488046 /* Base */ = {isa = PBXFileReference; lastKnownFileType = file.storyboard; name = Base; path = Base.lproj/Main.storyboard; sourceTree = "<group>"; };
		782B0E52206D5AF200488046 /* Assets.xcassets */ = {isa = PBXFileReference; lastKnownFileType = folder.assetcatalog; path = Assets.xcassets; sourceTree = "<group>"; };
		782B0E55206D5AF200488046 /* Base */ = {isa = PBXFileReference; lastKnownFileType = file.storyboard; name = Base; path = Base.lproj/LaunchScreen.storyboard; sourceTree = "<group>"; };
		782B0E57206D5AF200488046 /* Info.plist */ = {isa = PBXFileReference; lastKnownFileType = text.plist.xml; path = Info.plist; sourceTree = "<group>"; };
		782B0E5D206D5B8C00488046 /* Auth.swift */ = {isa = PBXFileReference; lastKnownFileType = sourcecode.swift; path = Auth.swift; sourceTree = "<group>"; };
		782B0E5F206D5C7700488046 /* Constants.swift */ = {isa = PBXFileReference; lastKnownFileType = sourcecode.swift; path = Constants.swift; sourceTree = "<group>"; };
		782B0E61206D6F7200488046 /* InstaLogInVC.swift */ = {isa = PBXFileReference; lastKnownFileType = sourcecode.swift; path = InstaLogInVC.swift; sourceTree = "<group>"; };
/* End PBXFileReference section */

/* Begin PBXFrameworksBuildPhase section */
		782B0E45206D5AF200488046 /* Frameworks */ = {
			isa = PBXFrameworksBuildPhase;
			buildActionMask = 2147483647;
			files = (
			);
			runOnlyForDeploymentPostprocessing = 0;
		};
/* End PBXFrameworksBuildPhase section */

/* Begin PBXGroup section */
		782B0E3F206D5AF200488046 = {
			isa = PBXGroup;
			children = (
				782B0E4A206D5AF200488046 /* InstaSDK */,
				782B0E49206D5AF200488046 /* Products */,
			);
			sourceTree = "<group>";
		};
		782B0E49206D5AF200488046 /* Products */ = {
			isa = PBXGroup;
			children = (
				782B0E48206D5AF200488046 /* InstaSDK.app */,
			);
			name = Products;
			sourceTree = "<group>";
		};
		782B0E4A206D5AF200488046 /* InstaSDK */ = {
			isa = PBXGroup;
			children = (
				782B0E5D206D5B8C00488046 /* Auth.swift */,
				782B0E4B206D5AF200488046 /* AppDelegate.swift */,
				782B0E5F206D5C7700488046 /* Constants.swift */,
				782B0E4D206D5AF200488046 /* ViewController.swift */,
				782B0E61206D6F7200488046 /* InstaLogInVC.swift */,
				782B0E4F206D5AF200488046 /* Main.storyboard */,
				782B0E52206D5AF200488046 /* Assets.xcassets */,
				782B0E54206D5AF200488046 /* LaunchScreen.storyboard */,
				782B0E57206D5AF200488046 /* Info.plist */,
			);
			path = InstaSDK;
			sourceTree = "<group>";
		};
/* End PBXGroup section */

/* Begin PBXNativeTarget section */
		782B0E47206D5AF200488046 /* InstaSDK */ = {
			isa = PBXNativeTarget;
			buildConfigurationList = 782B0E5A206D5AF200488046 /* Build configuration list for PBXNativeTarget "InstaSDK" */;
			buildPhases = (
				782B0E44206D5AF200488046 /* Sources */,
				782B0E45206D5AF200488046 /* Frameworks */,
				782B0E46206D5AF200488046 /* Resources */,
			);
			buildRules = (
			);
			dependencies = (
			);
			name = InstaSDK;
			productName = InstaSDK;
			productReference = 782B0E48206D5AF200488046 /* InstaSDK.app */;
			productType = "com.apple.product-type.application";
		};
/* End PBXNativeTarget section */

/* Begin PBXProject section */
		782B0E40206D5AF200488046 /* Project object */ = {
			isa = PBXProject;
			attributes = {
				LastSwiftUpdateCheck = 0920;
				LastUpgradeCheck = 0920;
				ORGANIZATIONNAME = Nazar_Kuradovets;
				TargetAttributes = {
					782B0E47206D5AF200488046 = {
						CreatedOnToolsVersion = 9.2;
						ProvisioningStyle = Automatic;
					};
				};
			};
			buildConfigurationList = 782B0E43206D5AF200488046 /* Build configuration list for PBXProject "InstaSDK" */;
			compatibilityVersion = "Xcode 8.0";
			developmentRegion = en;
			hasScannedForEncodings = 0;
			knownRegions = (
				en,
				Base,
			);
			mainGroup = 782B0E3F206D5AF200488046;
			productRefGroup = 782B0E49206D5AF200488046 /* Products */;
			projectDirPath = "";
			projectRoot = "";
			targets = (
				782B0E47206D5AF200488046 /* InstaSDK */,
			);
		};
/* End PBXProject section */

/* Begin PBXResourcesBuildPhase section */
		782B0E46206D5AF200488046 /* Resources */ = {
			isa = PBXResourcesBuildPhase;
			buildActionMask = 2147483647;
			files = (
				782B0E56206D5AF200488046 /* LaunchScreen.storyboard in Resources */,
				782B0E53206D5AF200488046 /* Assets.xcassets in Resources */,
				782B0E51206D5AF200488046 /* Main.storyboard in Resources */,
			);
			runOnlyForDeploymentPostprocessing = 0;
		};
/* End PBXResourcesBuildPhase section */

/* Begin PBXSourcesBuildPhase section */
		782B0E44206D5AF200488046 /* Sources */ = {
			isa = PBXSourcesBuildPhase;
			buildActionMask = 2147483647;
			files = (
				782B0E4E206D5AF200488046 /* ViewController.swift in Sources */,
				782B0E4C206D5AF200488046 /* AppDelegate.swift in Sources */,
				782B0E62206D6F7200488046 /* InstaLogInVC.swift in Sources */,
				782B0E5E206D5B8C00488046 /* Auth.swift in Sources */,
				782B0E60206D5C7700488046 /* Constants.swift in Sources */,
			);
			runOnlyForDeploymentPostprocessing = 0;
		};
/* End PBXSourcesBuildPhase section */

/* Begin PBXVariantGroup section */
		782B0E4F206D5AF200488046 /* Main.storyboard */ = {
			isa = PBXVariantGroup;
			children = (
				782B0E50206D5AF200488046 /* Base */,
			);
			name = Main.storyboard;
			sourceTree = "<group>";
		};
		782B0E54206D5AF200488046 /* LaunchScreen.storyboard */ = {
			isa = PBXVariantGroup;
			children = (
				782B0E55206D5AF200488046 /* Base */,
			);
			name = LaunchScreen.storyboard;
			sourceTree = "<group>";
		};
/* End PBXVariantGroup section */

/* Begin XCBuildConfiguration section */
		782B0E58206D5AF200488046 /* Debug */ = {
			isa = XCBuildConfiguration;
			buildSettings = {
				ALWAYS_SEARCH_USER_PATHS = NO;
				CLANG_ANALYZER_NONNULL = YES;
				CLANG_ANALYZER_NUMBER_OBJECT_CONVERSION = YES_AGGRESSIVE;
				CLANG_CXX_LANGUAGE_STANDARD = "gnu++14";
				CLANG_CXX_LIBRARY = "libc++";
				CLANG_ENABLE_MODULES = YES;
				CLANG_ENABLE_OBJC_ARC = YES;
				CLANG_WARN_BLOCK_CAPTURE_AUTORELEASING = YES;
				CLANG_WARN_BOOL_CONVERSION = YES;
				CLANG_WARN_COMMA = YES;
				CLANG_WARN_CONSTANT_CONVERSION = YES;
				CLANG_WARN_DIRECT_OBJC_ISA_USAGE = YES_ERROR;
				CLANG_WARN_DOCUMENTATION_COMMENTS = YES;
				CLANG_WARN_EMPTY_BODY = YES;
				CLANG_WARN_ENUM_CONVERSION = YES;
				CLANG_WARN_INFINITE_RECURSION = YES;
				CLANG_WARN_INT_CONVERSION = YES;
				CLANG_WARN_NON_LITERAL_NULL_CONVERSION = YES;
				CLANG_WARN_OBJC_LITERAL_CONVERSION = YES;
				CLANG_WARN_OBJC_ROOT_CLASS = YES_ERROR;
				CLANG_WARN_RANGE_LOOP_ANALYSIS = YES;
				CLANG_WARN_STRICT_PROTOTYPES = YES;
				CLANG_WARN_SUSPICIOUS_MOVE = YES;
				CLANG_WARN_UNGUARDED_AVAILABILITY = YES_AGGRESSIVE;
				CLANG_WARN_UNREACHABLE_CODE = YES;
				CLANG_WARN__DUPLICATE_METHOD_MATCH = YES;
				CODE_SIGN_IDENTITY = "iPhone Developer";
				COPY_PHASE_STRIP = NO;
				DEBUG_INFORMATION_FORMAT = dwarf;
				ENABLE_STRICT_OBJC_MSGSEND = YES;
				ENABLE_TESTABILITY = YES;
				GCC_C_LANGUAGE_STANDARD = gnu11;
				GCC_DYNAMIC_NO_PIC = NO;
				GCC_NO_COMMON_BLOCKS = YES;
				GCC_OPTIMIZATION_LEVEL = 0;
				GCC_PREPROCESSOR_DEFINITIONS = (
					"DEBUG=1",
					"$(inherited)",
				);
				GCC_WARN_64_TO_32_BIT_CONVERSION = YES;
				GCC_WARN_ABOUT_RETURN_TYPE = YES_ERROR;
				GCC_WARN_UNDECLARED_SELECTOR = YES;
				GCC_WARN_UNINITIALIZED_AUTOS = YES_AGGRESSIVE;
				GCC_WARN_UNUSED_FUNCTION = YES;
				GCC_WARN_UNUSED_VARIABLE = YES;
				IPHONEOS_DEPLOYMENT_TARGET = 11.2;
				MTL_ENABLE_DEBUG_INFO = YES;
				ONLY_ACTIVE_ARCH = YES;
				SDKROOT = iphoneos;
				SWIFT_ACTIVE_COMPILATION_CONDITIONS = DEBUG;
				SWIFT_OPTIMIZATION_LEVEL = "-Onone";
			};
			name = Debug;
		};
		782B0E59206D5AF200488046 /* Release */ = {
			isa = XCBuildConfiguration;
			buildSettings = {
				ALWAYS_SEARCH_USER_PATHS = NO;
				CLANG_ANALYZER_NONNULL = YES;
				CLANG_ANALYZER_NUMBER_OBJECT_CONVERSION = YES_AGGRESSIVE;
				CLANG_CXX_LANGUAGE_STANDARD = "gnu++14";
				CLANG_CXX_LIBRARY = "libc++";
				CLANG_ENABLE_MODULES = YES;
				CLANG_ENABLE_OBJC_ARC = YES;
				CLANG_WARN_BLOCK_CAPTURE_AUTORELEASING = YES;
				CLANG_WARN_BOOL_CONVERSION = YES;
				CLANG_WARN_COMMA = YES;
				CLANG_WARN_CONSTANT_CONVERSION = YES;
				CLANG_WARN_DIRECT_OBJC_ISA_USAGE = YES_ERROR;
				CLANG_WARN_DOCUMENTATION_COMMENTS = YES;
				CLANG_WARN_EMPTY_BODY = YES;
				CLANG_WARN_ENUM_CONVERSION = YES;
				CLANG_WARN_INFINITE_RECURSION = YES;
				CLANG_WARN_INT_CONVERSION = YES;
				CLANG_WARN_NON_LITERAL_NULL_CONVERSION = YES;
				CLANG_WARN_OBJC_LITERAL_CONVERSION = YES;
				CLANG_WARN_OBJC_ROOT_CLASS = YES_ERROR;
				CLANG_WARN_RANGE_LOOP_ANALYSIS = YES;
				CLANG_WARN_STRICT_PROTOTYPES = YES;
				CLANG_WARN_SUSPICIOUS_MOVE = YES;
				CLANG_WARN_UNGUARDED_AVAILABILITY = YES_AGGRESSIVE;
				CLANG_WARN_UNREACHABLE_CODE = YES;
				CLANG_WARN__DUPLICATE_METHOD_MATCH = YES;
				CODE_SIGN_IDENTITY = "iPhone Developer";
				COPY_PHASE_STRIP = NO;
				DEBUG_INFORMATION_FORMAT = "dwarf-with-dsym";
				ENABLE_NS_ASSERTIONS = NO;
				ENABLE_STRICT_OBJC_MSGSEND = YES;
				GCC_C_LANGUAGE_STANDARD = gnu11;
				GCC_NO_COMMON_BLOCKS = YES;
				GCC_WARN_64_TO_32_BIT_CONVERSION = YES;
				GCC_WARN_ABOUT_RETURN_TYPE = YES_ERROR;
				GCC_WARN_UNDECLARED_SELECTOR = YES;
				GCC_WARN_UNINITIALIZED_AUTOS = YES_AGGRESSIVE;
				GCC_WARN_UNUSED_FUNCTION = YES;
				GCC_WARN_UNUSED_VARIABLE = YES;
				IPHONEOS_DEPLOYMENT_TARGET = 11.2;
				MTL_ENABLE_DEBUG_INFO = NO;
				SDKROOT = iphoneos;
				SWIFT_OPTIMIZATION_LEVEL = "-Owholemodule";
				VALIDATE_PRODUCT = YES;
			};
			name = Release;
		};
		782B0E5B206D5AF200488046 /* Debug */ = {
			isa = XCBuildConfiguration;
			buildSettings = {
				ASSETCATALOG_COMPILER_APPICON_NAME = AppIcon;
				CODE_SIGN_STYLE = Automatic;
				INFOPLIST_FILE = InstaSDK/Info.plist;
				LD_RUNPATH_SEARCH_PATHS = "$(inherited) @executable_path/Frameworks";
				PRODUCT_BUNDLE_IDENTIFIER = "nazar-kuradovets.InstaSDK";
				PRODUCT_NAME = "$(TARGET_NAME)";
				SWIFT_VERSION = 4.0;
				TARGETED_DEVICE_FAMILY = "1,2";
			};
			name = Debug;
		};
		782B0E5C206D5AF200488046 /* Release */ = {
			isa = XCBuildConfiguration;
			buildSettings = {
				ASSETCATALOG_COMPILER_APPICON_NAME = AppIcon;
				CODE_SIGN_STYLE = Automatic;
				INFOPLIST_FILE = InstaSDK/Info.plist;
				LD_RUNPATH_SEARCH_PATHS = "$(inherited) @executable_path/Frameworks";
				PRODUCT_BUNDLE_IDENTIFIER = "nazar-kuradovets.InstaSDK";
				PRODUCT_NAME = "$(TARGET_NAME)";
				SWIFT_VERSION = 4.0;
				TARGETED_DEVICE_FAMILY = "1,2";
			};
			name = Release;
		};
/* End XCBuildConfiguration section */

/* Begin XCConfigurationList section */
		782B0E43206D5AF200488046 /* Build configuration list for PBXProject "InstaSDK" */ = {
			isa = XCConfigurationList;
			buildConfigurations = (
				782B0E58206D5AF200488046 /* Debug */,
				782B0E59206D5AF200488046 /* Release */,
			);
			defaultConfigurationIsVisible = 0;
			defaultConfigurationName = Release;
		};
		782B0E5A206D5AF200488046 /* Build configuration list for PBXNativeTarget "InstaSDK" */ = {
			isa = XCConfigurationList;
			buildConfigurations = (
				782B0E5B206D5AF200488046 /* Debug */,
				782B0E5C206D5AF200488046 /* Release */,
			);
			defaultConfigurationIsVisible = 0;
			defaultConfigurationName = Release;
		};
/* End XCConfigurationList section */
	};
	rootObject = 782B0E40206D5AF200488046 /* Project object */;
}
